// !$*UTF8*$!
{
	archiveVersion = 1;
	classes = {
	};
	objectVersion = 50;
	objects = {

/* Begin PBXBuildFile section */
		7174C639237E31AC0042DE7C /* AppDelegate.swift in Sources */ = {isa = PBXBuildFile; fileRef = 7174C638237E31AC0042DE7C /* AppDelegate.swift */; };
		7174C63B237E31AC0042DE7C /* SceneDelegate.swift in Sources */ = {isa = PBXBuildFile; fileRef = 7174C63A237E31AC0042DE7C /* SceneDelegate.swift */; };
		7174C63D237E31AC0042DE7C /* ViewController.swift in Sources */ = {isa = PBXBuildFile; fileRef = 7174C63C237E31AC0042DE7C /* ViewController.swift */; };
		7174C640237E31AC0042DE7C /* Main.storyboard in Resources */ = {isa = PBXBuildFile; fileRef = 7174C63E237E31AC0042DE7C /* Main.storyboard */; };
		7174C642237E31B00042DE7C /* Assets.xcassets in Resources */ = {isa = PBXBuildFile; fileRef = 7174C641237E31B00042DE7C /* Assets.xcassets */; };
		7174C645237E31B00042DE7C /* LaunchScreen.storyboard in Resources */ = {isa = PBXBuildFile; fileRef = 7174C643237E31B00042DE7C /* LaunchScreen.storyboard */; };
		7174C650237E31B00042DE7C /* ParstagramTests.swift in Sources */ = {isa = PBXBuildFile; fileRef = 7174C64F237E31B00042DE7C /* ParstagramTests.swift */; };
		7174C65B237E31B00042DE7C /* ParstagramUITests.swift in Sources */ = {isa = PBXBuildFile; fileRef = 7174C65A237E31B00042DE7C /* ParstagramUITests.swift */; };
/* End PBXBuildFile section */

/* Begin PBXContainerItemProxy section */
		7174C64C237E31B00042DE7C /* PBXContainerItemProxy */ = {
			isa = PBXContainerItemProxy;
			containerPortal = 7174C62D237E31AC0042DE7C /* Project object */;
			proxyType = 1;
			remoteGlobalIDString = 7174C634237E31AC0042DE7C;
			remoteInfo = Parstagram;
		};
		7174C657237E31B00042DE7C /* PBXContainerItemProxy */ = {
			isa = PBXContainerItemProxy;
			containerPortal = 7174C62D237E31AC0042DE7C /* Project object */;
			proxyType = 1;
			remoteGlobalIDString = 7174C634237E31AC0042DE7C;
			remoteInfo = Parstagram;
		};
/* End PBXContainerItemProxy section */

/* Begin PBXFileReference section */
		7174C635237E31AC0042DE7C /* Parstagram.app */ = {isa = PBXFileReference; explicitFileType = wrapper.application; includeInIndex = 0; path = Parstagram.app; sourceTree = BUILT_PRODUCTS_DIR; };
		7174C638237E31AC0042DE7C /* AppDelegate.swift */ = {isa = PBXFileReference; lastKnownFileType = sourcecode.swift; path = AppDelegate.swift; sourceTree = "<group>"; };
		7174C63A237E31AC0042DE7C /* SceneDelegate.swift */ = {isa = PBXFileReference; lastKnownFileType = sourcecode.swift; path = SceneDelegate.swift; sourceTree = "<group>"; };
		7174C63C237E31AC0042DE7C /* ViewController.swift */ = {isa = PBXFileReference; lastKnownFileType = sourcecode.swift; path = ViewController.swift; sourceTree = "<group>"; };
		7174C63F237E31AC0042DE7C /* Base */ = {isa = PBXFileReference; lastKnownFileType = file.storyboard; name = Base; path = Base.lproj/Main.storyboard; sourceTree = "<group>"; };
		7174C641237E31B00042DE7C /* Assets.xcassets */ = {isa = PBXFileReference; lastKnownFileType = folder.assetcatalog; path = Assets.xcassets; sourceTree = "<group>"; };
		7174C644237E31B00042DE7C /* Base */ = {isa = PBXFileReference; lastKnownFileType = file.storyboard; name = Base; path = Base.lproj/LaunchScreen.storyboard; sourceTree = "<group>"; };
		7174C646237E31B00042DE7C /* Info.plist */ = {isa = PBXFileReference; lastKnownFileType = text.plist.xml; path = Info.plist; sourceTree = "<group>"; };
		7174C64B237E31B00042DE7C /* ParstagramTests.xctest */ = {isa = PBXFileReference; explicitFileType = wrapper.cfbundle; includeInIndex = 0; path = ParstagramTests.xctest; sourceTree = BUILT_PRODUCTS_DIR; };
		7174C64F237E31B00042DE7C /* ParstagramTests.swift */ = {isa = PBXFileReference; lastKnownFileType = sourcecode.swift; path = ParstagramTests.swift; sourceTree = "<group>"; };
		7174C651237E31B00042DE7C /* Info.plist */ = {isa = PBXFileReference; lastKnownFileType = text.plist.xml; path = Info.plist; sourceTree = "<group>"; };
		7174C656237E31B00042DE7C /* ParstagramUITests.xctest */ = {isa = PBXFileReference; explicitFileType = wrapper.cfbundle; includeInIndex = 0; path = ParstagramUITests.xctest; sourceTree = BUILT_PRODUCTS_DIR; };
		7174C65A237E31B00042DE7C /* ParstagramUITests.swift */ = {isa = PBXFileReference; lastKnownFileType = sourcecode.swift; path = ParstagramUITests.swift; sourceTree = "<group>"; };
		7174C65C237E31B00042DE7C /* Info.plist */ = {isa = PBXFileReference; lastKnownFileType = text.plist.xml; path = Info.plist; sourceTree = "<group>"; };
/* End PBXFileReference section */

/* Begin PBXFrameworksBuildPhase section */
		7174C632237E31AC0042DE7C /* Frameworks */ = {
			isa = PBXFrameworksBuildPhase;
			buildActionMask = 2147483647;
			files = (
			);
			runOnlyForDeploymentPostprocessing = 0;
		};
		7174C648237E31B00042DE7C /* Frameworks */ = {
			isa = PBXFrameworksBuildPhase;
			buildActionMask = 2147483647;
			files = (
			);
			runOnlyForDeploymentPostprocessing = 0;
		};
		7174C653237E31B00042DE7C /* Frameworks */ = {
			isa = PBXFrameworksBuildPhase;
			buildActionMask = 2147483647;
			files = (
			);
			runOnlyForDeploymentPostprocessing = 0;
		};
/* End PBXFrameworksBuildPhase section */

/* Begin PBXGroup section */
		7174C62C237E31AB0042DE7C = {
			isa = PBXGroup;
			children = (
				7174C637237E31AC0042DE7C /* Parstagram */,
				7174C64E237E31B00042DE7C /* ParstagramTests */,
				7174C659237E31B00042DE7C /* ParstagramUITests */,
				7174C636237E31AC0042DE7C /* Products */,
			);
			sourceTree = "<group>";
		};
		7174C636237E31AC0042DE7C /* Products */ = {
			isa = PBXGroup;
			children = (
				7174C635237E31AC0042DE7C /* Parstagram.app */,
				7174C64B237E31B00042DE7C /* ParstagramTests.xctest */,
				7174C656237E31B00042DE7C /* ParstagramUITests.xctest */,
			);
			name = Products;
			sourceTree = "<group>";
		};
		7174C637237E31AC0042DE7C /* Parstagram */ = {
			isa = PBXGroup;
			children = (
				7174C638237E31AC0042DE7C /* AppDelegate.swift */,
				7174C63A237E31AC0042DE7C /* SceneDelegate.swift */,
				7174C63C237E31AC0042DE7C /* ViewController.swift */,
				7174C63E237E31AC0042DE7C /* Main.storyboard */,
				7174C641237E31B00042DE7C /* Assets.xcassets */,
				7174C643237E31B00042DE7C /* LaunchScreen.storyboard */,
				7174C646237E31B00042DE7C /* Info.plist */,
			);
			path = Parstagram;
			sourceTree = "<group>";
		};
		7174C64E237E31B00042DE7C /* ParstagramTests */ = {
			isa = PBXGroup;
			children = (
				7174C64F237E31B00042DE7C /* ParstagramTests.swift */,
				7174C651237E31B00042DE7C /* Info.plist */,
			);
			path = ParstagramTests;
			sourceTree = "<group>";
		};
		7174C659237E31B00042DE7C /* ParstagramUITests */ = {
			isa = PBXGroup;
			children = (
				7174C65A237E31B00042DE7C /* ParstagramUITests.swift */,
				7174C65C237E31B00042DE7C /* Info.plist */,
			);
			path = ParstagramUITests;
			sourceTree = "<group>";
		};
/* End PBXGroup section */

/* Begin PBXNativeTarget section */
		7174C634237E31AC0042DE7C /* Parstagram */ = {
			isa = PBXNativeTarget;
			buildConfigurationList = 7174C65F237E31B00042DE7C /* Build configuration list for PBXNativeTarget "Parstagram" */;
			buildPhases = (
				7174C631237E31AC0042DE7C /* Sources */,
				7174C632237E31AC0042DE7C /* Frameworks */,
				7174C633237E31AC0042DE7C /* Resources */,
			);
			buildRules = (
			);
			dependencies = (
			);
			name = Parstagram;
			productName = Parstagram;
			productReference = 7174C635237E31AC0042DE7C /* Parstagram.app */;
			productType = "com.apple.product-type.application";
		};
		7174C64A237E31B00042DE7C /* ParstagramTests */ = {
			isa = PBXNativeTarget;
			buildConfigurationList = 7174C662237E31B00042DE7C /* Build configuration list for PBXNativeTarget "ParstagramTests" */;
			buildPhases = (
				7174C647237E31B00042DE7C /* Sources */,
				7174C648237E31B00042DE7C /* Frameworks */,
				7174C649237E31B00042DE7C /* Resources */,
			);
			buildRules = (
			);
			dependencies = (
				7174C64D237E31B00042DE7C /* PBXTargetDependency */,
			);
			name = ParstagramTests;
			productName = ParstagramTests;
			productReference = 7174C64B237E31B00042DE7C /* ParstagramTests.xctest */;
			productType = "com.apple.product-type.bundle.unit-test";
		};
		7174C655237E31B00042DE7C /* ParstagramUITests */ = {
			isa = PBXNativeTarget;
			buildConfigurationList = 7174C665237E31B00042DE7C /* Build configuration list for PBXNativeTarget "ParstagramUITests" */;
			buildPhases = (
				7174C652237E31B00042DE7C /* Sources */,
				7174C653237E31B00042DE7C /* Frameworks */,
				7174C654237E31B00042DE7C /* Resources */,
			);
			buildRules = (
			);
			dependencies = (
				7174C658237E31B00042DE7C /* PBXTargetDependency */,
			);
			name = ParstagramUITests;
			productName = ParstagramUITests;
			productReference = 7174C656237E31B00042DE7C /* ParstagramUITests.xctest */;
			productType = "com.apple.product-type.bundle.ui-testing";
		};
/* End PBXNativeTarget section */

/* Begin PBXProject section */
		7174C62D237E31AC0042DE7C /* Project object */ = {
			isa = PBXProject;
			attributes = {
				LastSwiftUpdateCheck = 1110;
				LastUpgradeCheck = 1110;
				ORGANIZATIONNAME = "Dru Grossberg";
				TargetAttributes = {
					7174C634237E31AC0042DE7C = {
						CreatedOnToolsVersion = 11.1;
					};
					7174C64A237E31B00042DE7C = {
						CreatedOnToolsVersion = 11.1;
						TestTargetID = 7174C634237E31AC0042DE7C;
					};
					7174C655237E31B00042DE7C = {
						CreatedOnToolsVersion = 11.1;
						TestTargetID = 7174C634237E31AC0042DE7C;
					};
				};
			};
			buildConfigurationList = 7174C630237E31AC0042DE7C /* Build configuration list for PBXProject "Parstagram" */;
			compatibilityVersion = "Xcode 9.3";
			developmentRegion = en;
			hasScannedForEncodings = 0;
			knownRegions = (
				en,
				Base,
			);
			mainGroup = 7174C62C237E31AB0042DE7C;
			productRefGroup = 7174C636237E31AC0042DE7C /* Products */;
			projectDirPath = "";
			projectRoot = "";
			targets = (
				7174C634237E31AC0042DE7C /* Parstagram */,
				7174C64A237E31B00042DE7C /* ParstagramTests */,
				7174C655237E31B00042DE7C /* ParstagramUITests */,
			);
		};
/* End PBXProject section */

/* Begin PBXResourcesBuildPhase section */
		7174C633237E31AC0042DE7C /* Resources */ = {
			isa = PBXResourcesBuildPhase;
			buildActionMask = 2147483647;
			files = (
				7174C645237E31B00042DE7C /* LaunchScreen.storyboard in Resources */,
				7174C642237E31B00042DE7C /* Assets.xcassets in Resources */,
				7174C640237E31AC0042DE7C /* Main.storyboard in Resources */,
			);
			runOnlyForDeploymentPostprocessing = 0;
		};
		7174C649237E31B00042DE7C /* Resources */ = {
			isa = PBXResourcesBuildPhase;
			buildActionMask = 2147483647;
			files = (
			);
			runOnlyForDeploymentPostprocessing = 0;
		};
		7174C654237E31B00042DE7C /* Resources */ = {
			isa = PBXResourcesBuildPhase;
			buildActionMask = 2147483647;
			files = (
			);
			runOnlyForDeploymentPostprocessing = 0;
		};
/* End PBXResourcesBuildPhase section */

/* Begin PBXSourcesBuildPhase section */
		7174C631237E31AC0042DE7C /* Sources */ = {
			isa = PBXSourcesBuildPhase;
			buildActionMask = 2147483647;
			files = (
				7174C63D237E31AC0042DE7C /* ViewController.swift in Sources */,
				7174C639237E31AC0042DE7C /* AppDelegate.swift in Sources */,
				7174C63B237E31AC0042DE7C /* SceneDelegate.swift in Sources */,
			);
			runOnlyForDeploymentPostprocessing = 0;
		};
		7174C647237E31B00042DE7C /* Sources */ = {
			isa = PBXSourcesBuildPhase;
			buildActionMask = 2147483647;
			files = (
				7174C650237E31B00042DE7C /* ParstagramTests.swift in Sources */,
			);
			runOnlyForDeploymentPostprocessing = 0;
		};
		7174C652237E31B00042DE7C /* Sources */ = {
			isa = PBXSourcesBuildPhase;
			buildActionMask = 2147483647;
			files = (
				7174C65B237E31B00042DE7C /* ParstagramUITests.swift in Sources */,
			);
			runOnlyForDeploymentPostprocessing = 0;
		};
/* End PBXSourcesBuildPhase section */

/* Begin PBXTargetDependency section */
		7174C64D237E31B00042DE7C /* PBXTargetDependency */ = {
			isa = PBXTargetDependency;
			target = 7174C634237E31AC0042DE7C /* Parstagram */;
			targetProxy = 7174C64C237E31B00042DE7C /* PBXContainerItemProxy */;
		};
		7174C658237E31B00042DE7C /* PBXTargetDependency */ = {
			isa = PBXTargetDependency;
			target = 7174C634237E31AC0042DE7C /* Parstagram */;
			targetProxy = 7174C657237E31B00042DE7C /* PBXContainerItemProxy */;
		};
/* End PBXTargetDependency section */

/* Begin PBXVariantGroup section */
		7174C63E237E31AC0042DE7C /* Main.storyboard */ = {
			isa = PBXVariantGroup;
			children = (
				7174C63F237E31AC0042DE7C /* Base */,
			);
			name = Main.storyboard;
			sourceTree = "<group>";
		};
		7174C643237E31B00042DE7C /* LaunchScreen.storyboard */ = {
			isa = PBXVariantGroup;
			children = (
				7174C644237E31B00042DE7C /* Base */,
			);
			name = LaunchScreen.storyboard;
			sourceTree = "<group>";
		};
/* End PBXVariantGroup section */

/* Begin XCBuildConfiguration section */
		7174C65D237E31B00042DE7C /* Debug */ = {
			isa = XCBuildConfiguration;
			buildSettings = {
				ALWAYS_SEARCH_USER_PATHS = NO;
				CLANG_ANALYZER_NONNULL = YES;
				CLANG_ANALYZER_NUMBER_OBJECT_CONVERSION = YES_AGGRESSIVE;
				CLANG_CXX_LANGUAGE_STANDARD = "gnu++14";
				CLANG_CXX_LIBRARY = "libc++";
				CLANG_ENABLE_MODULES = YES;
				CLANG_ENABLE_OBJC_ARC = YES;
				CLANG_ENABLE_OBJC_WEAK = YES;
				CLANG_WARN_BLOCK_CAPTURE_AUTORELEASING = YES;
				CLANG_WARN_BOOL_CONVERSION = YES;
				CLANG_WARN_COMMA = YES;
				CLANG_WARN_CONSTANT_CONVERSION = YES;
				CLANG_WARN_DEPRECATED_OBJC_IMPLEMENTATIONS = YES;
				CLANG_WARN_DIRECT_OBJC_ISA_USAGE = YES_ERROR;
				CLANG_WARN_DOCUMENTATION_COMMENTS = YES;
				CLANG_WARN_EMPTY_BODY = YES;
				CLANG_WARN_ENUM_CONVERSION = YES;
				CLANG_WARN_INFINITE_RECURSION = YES;
				CLANG_WARN_INT_CONVERSION = YES;
				CLANG_WARN_NON_LITERAL_NULL_CONVERSION = YES;
				CLANG_WARN_OBJC_IMPLICIT_RETAIN_SELF = YES;
				CLANG_WARN_OBJC_LITERAL_CONVERSION = YES;
				CLANG_WARN_OBJC_ROOT_CLASS = YES_ERROR;
				CLANG_WARN_RANGE_LOOP_ANALYSIS = YES;
				CLANG_WARN_STRICT_PROTOTYPES = YES;
				CLANG_WARN_SUSPICIOUS_MOVE = YES;
				CLANG_WARN_UNGUARDED_AVAILABILITY = YES_AGGRESSIVE;
				CLANG_WARN_UNREACHABLE_CODE = YES;
				CLANG_WARN__DUPLICATE_METHOD_MATCH = YES;
				COPY_PHASE_STRIP = NO;
				DEBUG_INFORMATION_FORMAT = dwarf;
				ENABLE_STRICT_OBJC_MSGSEND = YES;
				ENABLE_TESTABILITY = YES;
				GCC_C_LANGUAGE_STANDARD = gnu11;
				GCC_DYNAMIC_NO_PIC = NO;
				GCC_NO_COMMON_BLOCKS = YES;
				GCC_OPTIMIZATION_LEVEL = 0;
				GCC_PREPROCESSOR_DEFINITIONS = (
					"DEBUG=1",
					"$(inherited)",
				);
				GCC_WARN_64_TO_32_BIT_CONVERSION = YES;
				GCC_WARN_ABOUT_RETURN_TYPE = YES_ERROR;
				GCC_WARN_UNDECLARED_SELECTOR = YES;
				GCC_WARN_UNINITIALIZED_AUTOS = YES_AGGRESSIVE;
				GCC_WARN_UNUSED_FUNCTION = YES;
				GCC_WARN_UNUSED_VARIABLE = YES;
				IPHONEOS_DEPLOYMENT_TARGET = 13.1;
				MTL_ENABLE_DEBUG_INFO = INCLUDE_SOURCE;
				MTL_FAST_MATH = YES;
				ONLY_ACTIVE_ARCH = YES;
				SDKROOT = iphoneos;
				SWIFT_ACTIVE_COMPILATION_CONDITIONS = DEBUG;
				SWIFT_OPTIMIZATION_LEVEL = "-Onone";
			};
			name = Debug;
		};
		7174C65E237E31B00042DE7C /* Release */ = {
			isa = XCBuildConfiguration;
			buildSettings = {
				ALWAYS_SEARCH_USER_PATHS = NO;
				CLANG_ANALYZER_NONNULL = YES;
				CLANG_ANALYZER_NUMBER_OBJECT_CONVERSION = YES_AGGRESSIVE;
				CLANG_CXX_LANGUAGE_STANDARD = "gnu++14";
				CLANG_CXX_LIBRARY = "libc++";
				CLANG_ENABLE_MODULES = YES;
				CLANG_ENABLE_OBJC_ARC = YES;
				CLANG_ENABLE_OBJC_WEAK = YES;
				CLANG_WARN_BLOCK_CAPTURE_AUTORELEASING = YES;
				CLANG_WARN_BOOL_CONVERSION = YES;
				CLANG_WARN_COMMA = YES;
				CLANG_WARN_CONSTANT_CONVERSION = YES;
				CLANG_WARN_DEPRECATED_OBJC_IMPLEMENTATIONS = YES;
				CLANG_WARN_DIRECT_OBJC_ISA_USAGE = YES_ERROR;
				CLANG_WARN_DOCUMENTATION_COMMENTS = YES;
				CLANG_WARN_EMPTY_BODY = YES;
				CLANG_WARN_ENUM_CONVERSION = YES;
				CLANG_WARN_INFINITE_RECURSION = YES;
				CLANG_WARN_INT_CONVERSION = YES;
				CLANG_WARN_NON_LITERAL_NULL_CONVERSION = YES;
				CLANG_WARN_OBJC_IMPLICIT_RETAIN_SELF = YES;
				CLANG_WARN_OBJC_LITERAL_CONVERSION = YES;
				CLANG_WARN_OBJC_ROOT_CLASS = YES_ERROR;
				CLANG_WARN_RANGE_LOOP_ANALYSIS = YES;
				CLANG_WARN_STRICT_PROTOTYPES = YES;
				CLANG_WARN_SUSPICIOUS_MOVE = YES;
				CLANG_WARN_UNGUARDED_AVAILABILITY = YES_AGGRESSIVE;
				CLANG_WARN_UNREACHABLE_CODE = YES;
				CLANG_WARN__DUPLICATE_METHOD_MATCH = YES;
				COPY_PHASE_STRIP = NO;
				DEBUG_INFORMATION_FORMAT = "dwarf-with-dsym";
				ENABLE_NS_ASSERTIONS = NO;
				ENABLE_STRICT_OBJC_MSGSEND = YES;
				GCC_C_LANGUAGE_STANDARD = gnu11;
				GCC_NO_COMMON_BLOCKS = YES;
				GCC_WARN_64_TO_32_BIT_CONVERSION = YES;
				GCC_WARN_ABOUT_RETURN_TYPE = YES_ERROR;
				GCC_WARN_UNDECLARED_SELECTOR = YES;
				GCC_WARN_UNINITIALIZED_AUTOS = YES_AGGRESSIVE;
				GCC_WARN_UNUSED_FUNCTION = YES;
				GCC_WARN_UNUSED_VARIABLE = YES;
				IPHONEOS_DEPLOYMENT_TARGET = 13.1;
				MTL_ENABLE_DEBUG_INFO = NO;
				MTL_FAST_MATH = YES;
				SDKROOT = iphoneos;
				SWIFT_COMPILATION_MODE = wholemodule;
				SWIFT_OPTIMIZATION_LEVEL = "-O";
				VALIDATE_PRODUCT = YES;
			};
			name = Release;
		};
		7174C660237E31B00042DE7C /* Debug */ = {
			isa = XCBuildConfiguration;
			buildSettings = {
				ASSETCATALOG_COMPILER_APPICON_NAME = AppIcon;
				CODE_SIGN_STYLE = Automatic;
				DEVELOPMENT_TEAM = ZCAGHFS4C5;
				INFOPLIST_FILE = Parstagram/Info.plist;
				LD_RUNPATH_SEARCH_PATHS = (
					"$(inherited)",
					"@executable_path/Frameworks",
				);
				PRODUCT_BUNDLE_IDENTIFIER = dru.Parstagram;
				PRODUCT_NAME = "$(TARGET_NAME)";
				SWIFT_VERSION = 5.0;
				TARGETED_DEVICE_FAMILY = "1,2";
			};
			name = Debug;
		};
		7174C661237E31B00042DE7C /* Release */ = {
			isa = XCBuildConfiguration;
			buildSettings = {
				ASSETCATALOG_COMPILER_APPICON_NAME = AppIcon;
				CODE_SIGN_STYLE = Automatic;
				DEVELOPMENT_TEAM = ZCAGHFS4C5;
				INFOPLIST_FILE = Parstagram/Info.plist;
				LD_RUNPATH_SEARCH_PATHS = (
					"$(inherited)",
					"@executable_path/Frameworks",
				);
				PRODUCT_BUNDLE_IDENTIFIER = dru.Parstagram;
				PRODUCT_NAME = "$(TARGET_NAME)";
				SWIFT_VERSION = 5.0;
				TARGETED_DEVICE_FAMILY = "1,2";
			};
			name = Release;
		};
		7174C663237E31B00042DE7C /* Debug */ = {
			isa = XCBuildConfiguration;
			buildSettings = {
				ALWAYS_EMBED_SWIFT_STANDARD_LIBRARIES = YES;
				BUNDLE_LOADER = "$(TEST_HOST)";
				CODE_SIGN_STYLE = Automatic;
				DEVELOPMENT_TEAM = ZCAGHFS4C5;
				INFOPLIST_FILE = ParstagramTests/Info.plist;
				IPHONEOS_DEPLOYMENT_TARGET = 13.1;
				LD_RUNPATH_SEARCH_PATHS = (
					"$(inherited)",
					"@executable_path/Frameworks",
					"@loader_path/Frameworks",
				);
				PRODUCT_BUNDLE_IDENTIFIER = dru.ParstagramTests;
				PRODUCT_NAME = "$(TARGET_NAME)";
				SWIFT_VERSION = 5.0;
				TARGETED_DEVICE_FAMILY = "1,2";
				TEST_HOST = "$(BUILT_PRODUCTS_DIR)/Parstagram.app/Parstagram";
			};
			name = Debug;
		};
		7174C664237E31B00042DE7C /* Release */ = {
			isa = XCBuildConfiguration;
			buildSettings = {
				ALWAYS_EMBED_SWIFT_STANDARD_LIBRARIES = YES;
				BUNDLE_LOADER = "$(TEST_HOST)";
				CODE_SIGN_STYLE = Automatic;
				DEVELOPMENT_TEAM = ZCAGHFS4C5;
				INFOPLIST_FILE = ParstagramTests/Info.plist;
				IPHONEOS_DEPLOYMENT_TARGET = 13.1;
				LD_RUNPATH_SEARCH_PATHS = (
					"$(inherited)",
					"@executable_path/Frameworks",
					"@loader_path/Frameworks",
				);
				PRODUCT_BUNDLE_IDENTIFIER = dru.ParstagramTests;
				PRODUCT_NAME = "$(TARGET_NAME)";
				SWIFT_VERSION = 5.0;
				TARGETED_DEVICE_FAMILY = "1,2";
				TEST_HOST = "$(BUILT_PRODUCTS_DIR)/Parstagram.app/Parstagram";
			};
			name = Release;
		};
		7174C666237E31B00042DE7C /* Debug */ = {
			isa = XCBuildConfiguration;
			buildSettings = {
				ALWAYS_EMBED_SWIFT_STANDARD_LIBRARIES = YES;
				CODE_SIGN_STYLE = Automatic;
				DEVELOPMENT_TEAM = ZCAGHFS4C5;
				INFOPLIST_FILE = ParstagramUITests/Info.plist;
				LD_RUNPATH_SEARCH_PATHS = (
					"$(inherited)",
					"@executable_path/Frameworks",
					"@loader_path/Frameworks",
				);
				PRODUCT_BUNDLE_IDENTIFIER = dru.ParstagramUITests;
				PRODUCT_NAME = "$(TARGET_NAME)";
				SWIFT_VERSION = 5.0;
				TARGETED_DEVICE_FAMILY = "1,2";
				TEST_TARGET_NAME = Parstagram;
			};
			name = Debug;
		};
		7174C667237E31B00042DE7C /* Release */ = {
			isa = XCBuildConfiguration;
			buildSettings = {
				ALWAYS_EMBED_SWIFT_STANDARD_LIBRARIES = YES;
				CODE_SIGN_STYLE = Automatic;
				DEVELOPMENT_TEAM = ZCAGHFS4C5;
				INFOPLIST_FILE = ParstagramUITests/Info.plist;
				LD_RUNPATH_SEARCH_PATHS = (
					"$(inherited)",
					"@executable_path/Frameworks",
					"@loader_path/Frameworks",
				);
				PRODUCT_BUNDLE_IDENTIFIER = dru.ParstagramUITests;
				PRODUCT_NAME = "$(TARGET_NAME)";
				SWIFT_VERSION = 5.0;
				TARGETED_DEVICE_FAMILY = "1,2";
				TEST_TARGET_NAME = Parstagram;
			};
			name = Release;
		};
/* End XCBuildConfiguration section */

/* Begin XCConfigurationList section */
		7174C630237E31AC0042DE7C /* Build configuration list for PBXProject "Parstagram" */ = {
			isa = XCConfigurationList;
			buildConfigurations = (
				7174C65D237E31B00042DE7C /* Debug */,
				7174C65E237E31B00042DE7C /* Release */,
			);
			defaultConfigurationIsVisible = 0;
			defaultConfigurationName = Release;
		};
		7174C65F237E31B00042DE7C /* Build configuration list for PBXNativeTarget "Parstagram" */ = {
			isa = XCConfigurationList;
			buildConfigurations = (
				7174C660237E31B00042DE7C /* Debug */,
				7174C661237E31B00042DE7C /* Release */,
			);
			defaultConfigurationIsVisible = 0;
			defaultConfigurationName = Release;
		};
		7174C662237E31B00042DE7C /* Build configuration list for PBXNativeTarget "ParstagramTests" */ = {
			isa = XCConfigurationList;
			buildConfigurations = (
				7174C663237E31B00042DE7C /* Debug */,
				7174C664237E31B00042DE7C /* Release */,
			);
			defaultConfigurationIsVisible = 0;
			defaultConfigurationName = Release;
		};
		7174C665237E31B00042DE7C /* Build configuration list for PBXNativeTarget "ParstagramUITests" */ = {
			isa = XCConfigurationList;
			buildConfigurations = (
				7174C666237E31B00042DE7C /* Debug */,
				7174C667237E31B00042DE7C /* Release */,
			);
			defaultConfigurationIsVisible = 0;
			defaultConfigurationName = Release;
		};
/* End XCConfigurationList section */
	};
	rootObject = 7174C62D237E31AC0042DE7C /* Project object */;
}
